<?xml version="1.0" encoding="utf-8"?>
<Project ToolsVersion="4.0" xmlns="http://schemas.microsoft.com/developer/msbuild/2003">
  <ItemGroup>
    <ClCompile Include="Component\Box2D.cpp">
      <Filter>Source</Filter>
    </ClCompile>
    <ClCompile Include="Component\Collision.cpp">
      <Filter>Source</Filter>
    </ClCompile>
    <ClCompile Include="Controllable.cpp">
      <Filter>Source</Filter>
    </ClCompile>
    <ClCompile Include="DirectX.cpp">
      <Filter>Source</Filter>
    </ClCompile>
    <ClCompile Include="GameScene.cpp">
      <Filter>Source</Filter>
    </ClCompile>
    <ClCompile Include="Component\HPComponent.cpp">
      <Filter>Source</Filter>
    </ClCompile>
    <ClCompile Include="main.cpp">
      <Filter>Source</Filter>
    </ClCompile>
    <ClCompile Include="Component\MoveComponent.cpp">
      <Filter>Source</Filter>
    </ClCompile>
    <ClCompile Include="Sprite.cpp">
      <Filter>Source</Filter>
    </ClCompile>
    <ClCompile Include="Utility\TagMethod.cpp">
      <Filter>Source</Filter>
    </ClCompile>
    <ClCompile Include="pugixml-1.8\src\pugixml.cpp">
      <Filter>pugiXML</Filter>
    </ClCompile>
    <ClCompile Include="GameObject\Camera.cpp">
      <Filter>Source\GameObject</Filter>
    </ClCompile>
    <ClCompile Include="GameObject\Creature.cpp">
      <Filter>Source\GameObject</Filter>
    </ClCompile>
    <ClCompile Include="GameObject\GameObject.cpp">
      <Filter>Source\GameObject</Filter>
    </ClCompile>
    <ClCompile Include="GameObject\Item.cpp">
      <Filter>Source\GameObject</Filter>
    </ClCompile>
    <ClCompile Include="GameObject\MapCollision.cpp">
      <Filter>Source\GameObject</Filter>
    </ClCompile>
    <ClCompile Include="GameObject\Megaman.cpp">
      <Filter>Source\GameObject</Filter>
    </ClCompile>
    <ClCompile Include="Utility\Spawner.cpp">
      <Filter>Source\GameObject</Filter>
    </ClCompile>
    <ClCompile Include="GameObject\Map.cpp">
      <Filter>Source\GameObject</Filter>
    </ClCompile>
    <ClCompile Include="QuadTree.cpp">
      <Filter>QuadTree</Filter>
    </ClCompile>
    <ClCompile Include="GameObject\Elevator.cpp">
      <Filter>Source\GameObject</Filter>
    </ClCompile>
    <ClCompile Include="GameObject\Gate1.cpp">
      <Filter>Source\GameObject</Filter>
    </ClCompile>
    <ClCompile Include="GameObject\HUD.cpp">
      <Filter>Source\GameObject</Filter>
    </ClCompile>
    <ClCompile Include="GameObject\Scroller.cpp">
      <Filter>Source\GameObject</Filter>
    </ClCompile>
    <ClCompile Include="GameObject\HeadHunter.cpp">
      <Filter>Source\GameObject\Enemy</Filter>
    </ClCompile>
    <ClCompile Include="GameObject\Helit.cpp">
      <Filter>Source\GameObject\Enemy</Filter>
    </ClCompile>
    <ClCompile Include="GameObject\NotorBanger.cpp">
      <Filter>Source\GameObject\Enemy</Filter>
    </ClCompile>
    <ClCompile Include="GameObject\HelitRocket.cpp">
      <Filter>Source\GameObject\Bullet</Filter>
    </ClCompile>
    <ClCompile Include="GameObject\NotorBullet.cpp">
      <Filter>Source\GameObject\Bullet</Filter>
    </ClCompile>
    <ClCompile Include="GameObject\NormalBullet.cpp">
      <Filter>Source\GameObject\Bullet</Filter>
    </ClCompile>
    <ClCompile Include="GameObject\Rocket.cpp">
      <Filter>Source\GameObject\Bullet</Filter>
    </ClCompile>
    <ClCompile Include="GameObject\BlastHornet.cpp">
      <Filter>Source\GameObject\Enemy</Filter>
    </ClCompile>
    <ClCompile Include="GameObject\Bee.cpp">
      <Filter>Source\GameObject\Enemy</Filter>
    </ClCompile>
    <ClCompile Include="GameObject\Shuriken.cpp">
      <Filter>Source\GameObject\Enemy</Filter>
    </ClCompile>
  </ItemGroup>
  <ItemGroup>
    <ClInclude Include="resource.h" />
    <ClInclude Include="Component\Box2D.h">
      <Filter>Header</Filter>
    </ClInclude>
    <ClInclude Include="Component\Collision.h">
      <Filter>Header</Filter>
    </ClInclude>
    <ClInclude Include="Controllable.h">
      <Filter>Header</Filter>
    </ClInclude>
    <ClInclude Include="DirectX.h">
      <Filter>Header</Filter>
    </ClInclude>
    <ClInclude Include="GameScene.h">
      <Filter>Header</Filter>
    </ClInclude>
    <ClInclude Include="Component\HPComponent.h">
      <Filter>Header</Filter>
    </ClInclude>
    <ClInclude Include="Component\MoveComponent.h">
      <Filter>Header</Filter>
    </ClInclude>
    <ClInclude Include="Utility\Spawner.h">
      <Filter>Header</Filter>
    </ClInclude>
    <ClInclude Include="Sprite.h">
      <Filter>Header</Filter>
    </ClInclude>
    <ClInclude Include="Utility\TagMethod.h">
      <Filter>Header</Filter>
    </ClInclude>
    <ClInclude Include="pugixml-1.8\src\pugixml.hpp">
      <Filter>pugiXML</Filter>
    </ClInclude>
    <ClInclude Include="GameObject\Camera.h">
      <Filter>Header\GameObject</Filter>
    </ClInclude>
    <ClInclude Include="GameObject\Creature.h">
      <Filter>Header\GameObject</Filter>
    </ClInclude>
    <ClInclude Include="GameObject\GameObject.h">
      <Filter>Header\GameObject</Filter>
    </ClInclude>
    <ClInclude Include="GameObject\Item.h">
      <Filter>Header\GameObject</Filter>
    </ClInclude>
    <ClInclude Include="GameObject\MapCollision.h">
      <Filter>Header\GameObject</Filter>
    </ClInclude>
    <ClInclude Include="GameObject\Megaman.h">
      <Filter>Header\GameObject</Filter>
    </ClInclude>
    <ClInclude Include="GameObject\Map.h">
      <Filter>Header\GameObject</Filter>
    </ClInclude>
    <ClInclude Include="Quadtree.h">
      <Filter>QuadTree</Filter>
    </ClInclude>
    <ClInclude Include="GameObject\Elevator.h">
      <Filter>Header\GameObject</Filter>
    </ClInclude>
    <ClInclude Include="GameObject\Gate1.h">
      <Filter>Header\GameObject</Filter>
    </ClInclude>
    <ClInclude Include="GameObject\HUD.h">
      <Filter>Header\GameObject</Filter>
    </ClInclude>
    <ClInclude Include="GameObject\Scroller.h">
      <Filter>Header\GameObject</Filter>
    </ClInclude>
    <ClInclude Include="GameObject\HeadHunter.h">
      <Filter>Header\GameObject\Enemy</Filter>
    </ClInclude>
    <ClInclude Include="GameObject\Helit.h">
      <Filter>Header\GameObject\Enemy</Filter>
    </ClInclude>
    <ClInclude Include="GameObject\NotorBanger.h">
      <Filter>Header\GameObject\Enemy</Filter>
    </ClInclude>
    <ClInclude Include="GameObject\HelitRocket.h">
      <Filter>Header\GameObject\Bullet</Filter>
    </ClInclude>
    <ClInclude Include="GameObject\NormalBullet.h">
      <Filter>Header\GameObject\Bullet</Filter>
    </ClInclude>
    <ClInclude Include="GameObject\NotorBullet.h">
      <Filter>Header\GameObject\Bullet</Filter>
    </ClInclude>
    <ClInclude Include="GameObject\Rocket.h">
      <Filter>Header\GameObject\Bullet</Filter>
    </ClInclude>
    <ClInclude Include="GameObject\BlastHornet.h">
      <Filter>Header\GameObject\Enemy</Filter>
    </ClInclude>
    <ClInclude Include="GameObject\Bee.h">
      <Filter>Header\GameObject\Enemy</Filter>
    </ClInclude>
    <ClInclude Include="GameObject\Shuriken.h">
      <Filter>Header\GameObject\Enemy</Filter>
    </ClInclude>
  </ItemGroup>
  <ItemGroup>
    <Filter Include="Source">
      <UniqueIdentifier>{a27a5043-3c2b-4cc1-a2a3-d1db1b1a2088}</UniqueIdentifier>
    </Filter>
    <Filter Include="pugiXML">
      <UniqueIdentifier>{44b3dd49-2e27-4d72-a785-a4d446542c1d}</UniqueIdentifier>
    </Filter>
    <Filter Include="Source\GameObject">
      <UniqueIdentifier>{e1f3d07f-6a53-4497-b9d3-0fb08d281fd0}</UniqueIdentifier>
    </Filter>
    <Filter Include="QuadTree">
      <UniqueIdentifier>{9c64a454-7d61-4fc2-b629-6927dc2af800}</UniqueIdentifier>
    </Filter>
    <Filter Include="Source\GameObject\Enemy">
      <UniqueIdentifier>{0dc6a24e-3591-4a5f-99d7-f3b8f4eb9610}</UniqueIdentifier>
    </Filter>
    <Filter Include="Source\GameObject\Bullet">
      <UniqueIdentifier>{70421411-47f8-49ba-9dde-106a0bba78d3}</UniqueIdentifier>
    </Filter>
    <Filter Include="Header">
      <UniqueIdentifier>{e7fda3d1-5b04-497e-8404-8dc947cc24b0}</UniqueIdentifier>
    </Filter>
    <Filter Include="Header\GameObject">
      <UniqueIdentifier>{62688798-d5f8-4a5a-91b0-14d45bfd5b7a}</UniqueIdentifier>
    </Filter>
    <Filter Include="Header\GameObject\Enemy">
      <UniqueIdentifier>{e76128a5-8c8d-4ac1-b8a1-1d493134ef68}</UniqueIdentifier>
    </Filter>
    <Filter Include="Header\GameObject\Bullet">
      <UniqueIdentifier>{3fe30036-2d48-4adc-87f6-426a12a10eb9}</UniqueIdentifier>
    </Filter>
  </ItemGroup>
</Project>